
Microsoft Visual Studio Solution File, Format Version 12.00
# Visual Studio Version 16
VisualStudioVersion = 16.0.29519.87
MinimumVisualStudioVersion = 10.0.40219.1
Project("{FAE04EC0-301F-11D3-BF4B-00C04F79EFBC}") = "LDMFormatService", "LDMFormatService\LDMFormatService.csproj", "{65399CFC-640D-429B-A424-DBC47F8BD775}"
EndProject
Global
	GlobalSection(SolutionConfigurationPlatforms) = preSolution
		Debug|Any CPU = Debug|Any CPU
		Release|Any CPU = Release|Any CPU
	EndGlobalSection
	GlobalSection(ProjectConfigurationPlatforms) = postSolution
		{65399CFC-640D-429B-A424-DBC47F8BD775}.Debug|Any CPU.ActiveCfg = Debug|Any CPU
		{65399CFC-640D-429B-A424-DBC47F8BD775}.Debug|Any CPU.Build.0 = Debug|Any CPU
		{65399CFC-640D-429B-A424-DBC47F8BD775}.Release|Any CPU.ActiveCfg = Release|Any CPU
		{65399CFC-640D-429B-A424-DBC47F8BD775}.Release|Any CPU.Build.0 = Release|Any CPU
	EndGlobalSection
	GlobalSection(SolutionProperties) = preSolution
		HideSolutionNode = FALSE
	EndGlobalSection
	GlobalSection(ExtensibilityGlobals) = postSolution
		SolutionGuid = {0EB30FBC-D735-430C-98D1-3B46F92F3E3C}
	EndGlobalSection
EndGlobal
